
Microsoft Visual Studio Solution File, Format Version 12.00
# Visual Studio Version 16
VisualStudioVersion = 16.0.32630.194
MinimumVisualStudioVersion = 10.0.40219.1
Project("{FAE04EC0-301F-11D3-BF4B-00C04F79EFBC}") = "MVCHero", "MVCHero\MVCHero.csproj", "{83C3A0F1-A47C-4835-9ABF-A19CE9C3534D}"
EndProject
Global
	GlobalSection(SolutionConfigurationPlatforms) = preSolution
		Debug|Any CPU = Debug|Any CPU
		Release|Any CPU = Release|Any CPU
	EndGlobalSection
	GlobalSection(ProjectConfigurationPlatforms) = postSolution
		{83C3A0F1-A47C-4835-9ABF-A19CE9C3534D}.Debug|Any CPU.ActiveCfg = Debug|Any CPU
		{83C3A0F1-A47C-4835-9ABF-A19CE9C3534D}.Debug|Any CPU.Build.0 = Debug|Any CPU
		{83C3A0F1-A47C-4835-9ABF-A19CE9C3534D}.Release|Any CPU.ActiveCfg = Release|Any CPU
		{83C3A0F1-A47C-4835-9ABF-A19CE9C3534D}.Release|Any CPU.Build.0 = Release|Any CPU
	EndGlobalSection
	GlobalSection(SolutionProperties) = preSolution
		HideSolutionNode = FALSE
	EndGlobalSection
	GlobalSection(ExtensibilityGlobals) = postSolution
		SolutionGuid = {D5380308-92DA-4145-8D13-48043918BE4B}
	EndGlobalSection
EndGlobal
